
Microsoft Visual Studio Solution File, Format Version 12.00
# Visual Studio Version 16
VisualStudioVersion = 16.0.30907.101
MinimumVisualStudioVersion = 10.0.40219.1
Project("{FAE04EC0-301F-11D3-BF4B-00C04F79EFBC}") = "ConsoleApp1", "ConsoleApp1\ConsoleApp1.csproj", "{0B37D3E4-F7A1-478C-ACB4-0E46B4ACD4F5}"
EndProject
Project("{FAE04EC0-301F-11D3-BF4B-00C04F79EFBC}") = "ConsoleApp2", "ConsoleApp2\ConsoleApp2.csproj", "{1209AC8F-C930-4225-B666-682D99CDC5AB}"
EndProject
Project("{FAE04EC0-301F-11D3-BF4B-00C04F79EFBC}") = "ConsoleApp3", "ConsoleApp3\ConsoleApp3.csproj", "{8071A82F-D97C-400A-BE92-89BAA175CA52}"
EndProject
Project("{FAE04EC0-301F-11D3-BF4B-00C04F79EFBC}") = "Döngüler", "Döngüler\Döngüler.csproj", "{F89ACAF0-A6F6-44C5-A733-F4AD7DE8AB00}"
EndProject
Project("{FAE04EC0-301F-11D3-BF4B-00C04F79EFBC}") = "Oop2", "Oop2\Oop2.csproj", "{20AE110B-A625-4C8D-8520-3756658C681C}"
EndProject
Project("{FAE04EC0-301F-11D3-BF4B-00C04F79EFBC}") = "Oop3", "Oop3\Oop3.csproj", "{596DC479-D1CE-4570-A631-2AB8832E7746}"
EndProject
Global
	GlobalSection(SolutionConfigurationPlatforms) = preSolution
		Debug|Any CPU = Debug|Any CPU
		Release|Any CPU = Release|Any CPU
	EndGlobalSection
	GlobalSection(ProjectConfigurationPlatforms) = postSolution
		{0B37D3E4-F7A1-478C-ACB4-0E46B4ACD4F5}.Debug|Any CPU.ActiveCfg = Debug|Any CPU
		{0B37D3E4-F7A1-478C-ACB4-0E46B4ACD4F5}.Debug|Any CPU.Build.0 = Debug|Any CPU
		{0B37D3E4-F7A1-478C-ACB4-0E46B4ACD4F5}.Release|Any CPU.ActiveCfg = Release|Any CPU
		{0B37D3E4-F7A1-478C-ACB4-0E46B4ACD4F5}.Release|Any CPU.Build.0 = Release|Any CPU
		{1209AC8F-C930-4225-B666-682D99CDC5AB}.Debug|Any CPU.ActiveCfg = Debug|Any CPU
		{1209AC8F-C930-4225-B666-682D99CDC5AB}.Debug|Any CPU.Build.0 = Debug|Any CPU
		{1209AC8F-C930-4225-B666-682D99CDC5AB}.Release|Any CPU.ActiveCfg = Release|Any CPU
		{1209AC8F-C930-4225-B666-682D99CDC5AB}.Release|Any CPU.Build.0 = Release|Any CPU
		{8071A82F-D97C-400A-BE92-89BAA175CA52}.Debug|Any CPU.ActiveCfg = Debug|Any CPU
		{8071A82F-D97C-400A-BE92-89BAA175CA52}.Debug|Any CPU.Build.0 = Debug|Any CPU
		{8071A82F-D97C-400A-BE92-89BAA175CA52}.Release|Any CPU.ActiveCfg = Release|Any CPU
		{8071A82F-D97C-400A-BE92-89BAA175CA52}.Release|Any CPU.Build.0 = Release|Any CPU
		{F89ACAF0-A6F6-44C5-A733-F4AD7DE8AB00}.Debug|Any CPU.ActiveCfg = Debug|Any CPU
		{F89ACAF0-A6F6-44C5-A733-F4AD7DE8AB00}.Debug|Any CPU.Build.0 = Debug|Any CPU
		{F89ACAF0-A6F6-44C5-A733-F4AD7DE8AB00}.Release|Any CPU.ActiveCfg = Release|Any CPU
		{F89ACAF0-A6F6-44C5-A733-F4AD7DE8AB00}.Release|Any CPU.Build.0 = Release|Any CPU
		{20AE110B-A625-4C8D-8520-3756658C681C}.Debug|Any CPU.ActiveCfg = Debug|Any CPU
		{20AE110B-A625-4C8D-8520-3756658C681C}.Debug|Any CPU.Build.0 = Debug|Any CPU
		{20AE110B-A625-4C8D-8520-3756658C681C}.Release|Any CPU.ActiveCfg = Release|Any CPU
		{20AE110B-A625-4C8D-8520-3756658C681C}.Release|Any CPU.Build.0 = Release|Any CPU
		{596DC479-D1CE-4570-A631-2AB8832E7746}.Debug|Any CPU.ActiveCfg = Debug|Any CPU
		{596DC479-D1CE-4570-A631-2AB8832E7746}.Debug|Any CPU.Build.0 = Debug|Any CPU
		{596DC479-D1CE-4570-A631-2AB8832E7746}.Release|Any CPU.ActiveCfg = Release|Any CPU
		{596DC479-D1CE-4570-A631-2AB8832E7746}.Release|Any CPU.Build.0 = Release|Any CPU
	EndGlobalSection
	GlobalSection(SolutionProperties) = preSolution
		HideSolutionNode = FALSE
	EndGlobalSection
	GlobalSection(ExtensibilityGlobals) = postSolution
		SolutionGuid = {842AD520-7A6C-4747-9579-39999F4BBDA0}
	EndGlobalSection
EndGlobal
